# THIS IS AN AUTOGENERATED FILE. DO NOT EDIT THIS FILE DIRECTLY.
# yarn lockfile v1


canvas-equalizer@^0.2.0:
  version "0.2.0"
  resolved "https://registry.yarnpkg.com/canvas-equalizer/-/canvas-equalizer-0.2.0.tgz#e2437a621f69d18ce9e1f4c966afa68cd564ba83"
  integrity sha1-4kN6Yh9p0Yzp4fTJZq+mjNVkuoM=
